{
    "_readme": [
        "This file locks the dependencies of your project to a known state",
        "Read more about it at https://getcomposer.org/doc/01-basic-usage.md#composer-lock-the-lock-file",
        "This file is @generated automatically"
    ],
    "content-hash": "9f861a9497b127fb0824535865ef0024",
    "packages": [
        {
            "name": "google/recaptcha",
            "version": "dev-master",
            "source": {
                "type": "git",
                "url": "https://github.com/google/recaptcha.git",
                "reference": "6990961e664372ddbed7ebc1cd673da7077552e5"
            },
            "dist": {
                "type": "zip",
                "url": "https://api.github.com/repos/google/recaptcha/zipball/6990961e664372ddbed7ebc1cd673da7077552e5",
                "reference": "6990961e664372ddbed7ebc1cd673da7077552e5",
                "shasum": ""
            },
            "require": {
                "php": ">=5.5"
            },
            "require-dev": {
                "phpunit/phpunit": "^4.8"
            },
            "type": "library",
            "extra": {
                "branch-alias": {
                    "dev-master": "1.1.x-dev"
                }
            },
            "autoload": {
                "psr-4": {
                    "ReCaptcha\\": "src/ReCaptcha"
                }
            },
            "notification-url": "https://packagist.org/downloads/",
            "license": [
                "BSD-3-Clause"
            ],
            "description": "Client library for reCAPTCHA, a free service that protect websites from spam and abuse.",
            "homepage": "http://www.google.com/recaptcha/",
            "keywords": [
                "Abuse",
                "captcha",
                "recaptcha",
                "spam"
            ],
            "time": "2017-03-09 18:57:45"
        },
        {
            "name": "hametuha/hamepub",
            "version": "1.0.0",
            "dist": {
                "type": "path",
                "url": "../../lib/HamePub",
                "reference": "f2dbe9ce68d0fc3792c57463d841972a85d68577",
                "shasum": null
            },
            "require": {
                "masterminds/html5": "2.*",
                "php": ">=5.4"
            },
            "require-dev": {
                "d11wtq/boris": "1.0.8",
                "phpunit/phpunit": "4.4.*"
            },
            "type": "library",
            "autoload": {
                "psr-0": {
                    "Hametuha\\HamePub": "src/"
                }
            },
            "license": [
                "MIT"
            ],
            "authors": [
                {
                    "name": "Takahashi Fumiki",
                    "email": "takahashi.fumiki@hametuha.co.jp"
                }
            ],
            "description": "PHP Library to handle ePub 3.0",
            "homepage": "https://github.com/hametuha/hamepub",
            "keywords": [
                "WordPress",
                "ePub"
            ],
            "transport-options": {
                "symlink": true
            }
        },
        {
            "name": "hametuha/hashboard",
            "version": "0.8.9999999.9999999-dev",
            "dist": {
                "type": "path",
                "url": "../../lib/hashboard",
                "reference": "bee018e024b482b6c6ca225478d9cc3f3e69ed23",
                "shasum": null
            },
            "require": {
                "hametuha/pattern": "^0.8",
                "hametuha/wp-enqueue-manager": "^1.0",
                "php": ">=5.5.0",
                "ramsey/uuid": "^3.7"
            },
            "require-dev": {
                "phpunit/phpunit": "~4.8",
                "squizlabs/php_codesniffer": "~2.8",
                "wp-coding-standards/wpcs": "~0.11"
            },
            "type": "wordpress-plugin",
            "autoload": {
                "psr-0": {
                    "Hametuha\\Hashboard": "app/"
                }
            },
            "license": [
                "GPL-3.0-or-later"
            ],
            "authors": [
                {
                    "name": "Hametuha INC",
                    "email": "info@hametuha.co.jp"
                }
            ],
            "description": "Web service like dashboard for WordPress.",
            "transport-options": {
                "symlink": true
            }
        },
        {
            "name": "hametuha/pattern",
            "version": "v0.8.2",
            "source": {
                "type": "git",
                "url": "https://github.com/hametuha/pattern.git",
                "reference": "6d4768a1aa3bc36da546ae569a0c5a0f3763777b"
            },
            "dist": {
                "type": "zip",
                "url": "https://api.github.com/repos/hametuha/pattern/zipball/6d4768a1aa3bc36da546ae569a0c5a0f3763777b",
                "reference": "6d4768a1aa3bc36da546ae569a0c5a0f3763777b",
                "shasum": ""
            },
            "require-dev": {
                "phpunit/phpunit": "~4.8",
                "squizlabs/php_codesniffer": "~2.8",
                "wp-coding-standards/wpcs": "~0.11"
            },
            "type": "library",
            "autoload": {
                "psr-0": {
                    "Hametuha\\Pattern": "app/"
                }
            },
            "notification-url": "https://packagist.org/downloads/",
            "license": [
                "GPL-3.0"
            ],
            "authors": [
                {
                    "name": "Hametuha INC.",
                    "email": "info@hametuha.co.jp"
                }
            ],
            "description": "WordPress Pattern Library",
            "time": "2018-01-22T11:42:37+00:00"
        },
        {
            "name": "hametuha/wp-enqueue-manager",
            "version": "1.0.2",
            "source": {
                "type": "git",
                "url": "https://github.com/hametuha/wp-enqueue-manager.git",
                "reference": "8f0b14a97e3a38f86ca67e078619a89fc29b885a"
            },
            "dist": {
                "type": "zip",
                "url": "https://api.github.com/repos/hametuha/wp-enqueue-manager/zipball/8f0b14a97e3a38f86ca67e078619a89fc29b885a",
                "reference": "8f0b14a97e3a38f86ca67e078619a89fc29b885a",
                "shasum": ""
            },
            "require": {
                "php": ">=5.6",
                "symfony/finder": "^3.4"
            },
            "require-dev": {
                "phpunit/phpunit": "~4.8",
                "squizlabs/php_codesniffer": "~2.8",
                "wp-coding-standards/wpcs": "~0.11"
            },
            "type": "library",
            "autoload": {
                "psr-0": {
                    "Hametuha\\WpEnqueueManager": "app/"
                }
            },
            "notification-url": "https://packagist.org/downloads/",
            "license": [
                "MIT"
            ],
            "authors": [
                {
                    "name": "fumikito",
                    "email": "guy@hametuha.com"
                }
            ],
            "description": "A WordPress library to bulk register assets.",
            "time": "2018-01-28T17:00:19+00:00"
        },
        {
            "name": "hametuha/wpametu",
            "version": "0.8.9999999.9999999-dev",
            "dist": {
                "type": "path",
                "url": "../../lib/wpametu",
                "reference": "4da65e25a4fbd16c25c8aae3b9d64b7b58838550",
                "shasum": null
            },
            "require": {
                "google/recaptcha": "~1.1",
                "masterminds/html5": "~2.1",
                "php": ">=5.5",
                "tijsverkoyen/css-to-inline-styles": "^1.5"
            },
            "require-dev": {
                "phpunit/phpunit": "~4.8",
                "squizlabs/php_codesniffer": "~2.8",
                "wp-coding-standards/wpcs": "~0.11"
            },
            "type": "library",
            "autoload": {
                "psr-0": {
                    "WPametu": "src/"
                }
            },
            "license": [
                "MIT"
            ],
            "authors": [
                {
                    "name": "Hametuha INC.",
                    "email": "info@hametuha.co.jp"
                }
            ],
            "description": "A WordPress Theme FrameWork",
            "transport-options": {
                "symlink": true
            }
        },
        {
            "name": "masterminds/html5",
            "version": "2.x-dev",
            "source": {
                "type": "git",
                "url": "https://github.com/Masterminds/html5-php.git",
                "reference": "441fb2bc82599e4e3e90ee94d0f084649f4952f2"
            },
            "dist": {
                "type": "zip",
                "url": "https://api.github.com/repos/Masterminds/html5-php/zipball/441fb2bc82599e4e3e90ee94d0f084649f4952f2",
                "reference": "441fb2bc82599e4e3e90ee94d0f084649f4952f2",
                "shasum": ""
            },
            "require": {
                "ext-libxml": "*",
                "php": ">=5.3.0"
            },
            "require-dev": {
                "phpunit/phpunit": "4.*",
                "sami/sami": "~2.0",
                "satooshi/php-coveralls": "1.0.*"
            },
            "type": "library",
            "extra": {
                "branch-alias": {
                    "dev-master": "2.2-dev"
                }
            },
            "autoload": {
                "psr-4": {
                    "Masterminds\\": "src"
                }
            },
            "notification-url": "https://packagist.org/downloads/",
            "license": [
                "MIT"
            ],
            "authors": [
                {
                    "name": "Matt Butcher",
                    "email": "technosophos@gmail.com"
                },
                {
                    "name": "Asmir Mustafic",
                    "email": "goetas@gmail.com"
                },
                {
                    "name": "Matt Farina",
                    "email": "matt@mattfarina.com"
                }
            ],
            "description": "An HTML5 parser and serializer.",
            "homepage": "http://masterminds.github.io/html5-php",
            "keywords": [
                "HTML5",
                "dom",
                "html",
                "parser",
                "querypath",
                "serializer",
                "xml"
            ],
            "time": "2017-09-04 12:36:31"
        },
        {
            "name": "paragonie/random_compat",
            "version": "v2.0.11",
            "source": {
                "type": "git",
                "url": "https://github.com/paragonie/random_compat.git",
                "reference": "5da4d3c796c275c55f057af5a643ae297d96b4d8"
            },
            "dist": {
                "type": "zip",
                "url": "https://api.github.com/repos/paragonie/random_compat/zipball/5da4d3c796c275c55f057af5a643ae297d96b4d8",
                "reference": "5da4d3c796c275c55f057af5a643ae297d96b4d8",
                "shasum": ""
            },
            "require": {
                "php": ">=5.2.0"
            },
            "require-dev": {
                "phpunit/phpunit": "4.*|5.*"
            },
            "suggest": {
                "ext-libsodium": "Provides a modern crypto API that can be used to generate random bytes."
            },
            "type": "library",
            "autoload": {
                "files": [
                    "lib/random.php"
                ]
            },
            "notification-url": "https://packagist.org/downloads/",
            "license": [
                "MIT"
            ],
            "authors": [
                {
                    "name": "Paragon Initiative Enterprises",
                    "email": "security@paragonie.com",
                    "homepage": "https://paragonie.com"
                }
            ],
            "description": "PHP 5.x polyfill for random_bytes() and random_int() from PHP 7",
            "keywords": [
                "csprng",
                "pseudorandom",
                "random"
            ],
            "time": "2017-09-27T21:40:39+00:00"
        },
        {
            "name": "ramsey/uuid",
            "version": "dev-master",
            "source": {
                "type": "git",
                "url": "https://github.com/ramsey/uuid.git",
                "reference": "62628862df4c7b6568630d23f403bc42436d7c5e"
            },
            "dist": {
                "type": "zip",
                "url": "https://api.github.com/repos/ramsey/uuid/zipball/62628862df4c7b6568630d23f403bc42436d7c5e",
                "reference": "62628862df4c7b6568630d23f403bc42436d7c5e",
                "shasum": ""
            },
            "require": {
                "paragonie/random_compat": "^1.0|^2.0",
                "php": "^5.4 || ^7.0"
            },
            "replace": {
                "rhumsaa/uuid": "self.version"
            },
            "require-dev": {
                "codeception/aspect-mock": "^1.0 | ~2.0.0",
                "doctrine/annotations": "~1.2.0",
                "goaop/framework": "1.0.0-alpha.2 | ^1.0 | ^2.1",
                "ircmaxell/random-lib": "^1.1",
                "jakub-onderka/php-parallel-lint": "^0.9.0",
                "mockery/mockery": "^0.9.9",
                "moontoast/math": "^1.1",
                "php-mock/php-mock-phpunit": "^0.3|^1.1",
                "phpunit/phpunit": "^4.7|^5.0",
                "squizlabs/php_codesniffer": "^2.3"
            },
            "suggest": {
                "ext-libsodium": "Provides the PECL libsodium extension for use with the SodiumRandomGenerator",
                "ext-uuid": "Provides the PECL UUID extension for use with the PeclUuidTimeGenerator and PeclUuidRandomGenerator",
                "ircmaxell/random-lib": "Provides RandomLib for use with the RandomLibAdapter",
                "moontoast/math": "Provides support for converting UUID to 128-bit integer (in string form).",
                "ramsey/uuid-console": "A console application for generating UUIDs with ramsey/uuid",
                "ramsey/uuid-doctrine": "Allows the use of Ramsey\\Uuid\\Uuid as Doctrine field type."
            },
            "type": "library",
            "extra": {
                "branch-alias": {
                    "dev-master": "3.x-dev"
                }
            },
            "autoload": {
                "psr-4": {
                    "Ramsey\\Uuid\\": "src/"
                }
            },
            "notification-url": "https://packagist.org/downloads/",
            "license": [
                "MIT"
            ],
            "authors": [
                {
                    "name": "Marijn Huizendveld",
                    "email": "marijn.huizendveld@gmail.com"
                },
                {
                    "name": "Thibaud Fabre",
                    "email": "thibaud@aztech.io"
                },
                {
                    "name": "Ben Ramsey",
                    "email": "ben@benramsey.com",
                    "homepage": "https://benramsey.com"
                }
            ],
            "description": "Formerly rhumsaa/uuid. A PHP 5.4+ library for generating RFC 4122 version 1, 3, 4, and 5 universally unique identifiers (UUID).",
            "homepage": "https://github.com/ramsey/uuid",
            "keywords": [
                "guid",
                "identifier",
                "uuid"
            ],
            "time": "2018-02-07 23:28:02"
        },
        {
            "name": "symfony/css-selector",
            "version": "3.4.x-dev",
            "source": {
                "type": "git",
                "url": "https://github.com/symfony/css-selector.git",
                "reference": "544655f1fc078a9cd839fdda2b7b1e64627c826a"
            },
            "dist": {
                "type": "zip",
                "url": "https://api.github.com/repos/symfony/css-selector/zipball/544655f1fc078a9cd839fdda2b7b1e64627c826a",
                "reference": "544655f1fc078a9cd839fdda2b7b1e64627c826a",
                "shasum": ""
            },
            "require": {
                "php": "^5.5.9|>=7.0.8"
            },
            "type": "library",
            "extra": {
                "branch-alias": {
                    "dev-master": "3.4-dev"
                }
            },
            "autoload": {
                "psr-4": {
                    "Symfony\\Component\\CssSelector\\": ""
                },
                "exclude-from-classmap": [
                    "/Tests/"
                ]
            },
            "notification-url": "https://packagist.org/downloads/",
            "license": [
                "MIT"
            ],
            "authors": [
                {
                    "name": "Jean-François Simon",
                    "email": "jeanfrancois.simon@sensiolabs.com"
                },
                {
                    "name": "Fabien Potencier",
                    "email": "fabien@symfony.com"
                },
                {
                    "name": "Symfony Community",
                    "homepage": "https://symfony.com/contributors"
                }
            ],
            "description": "Symfony CssSelector Component",
            "homepage": "https://symfony.com",
            "time": "2018-02-03 14:55:07"
        },
        {
            "name": "symfony/finder",
            "version": "3.4.x-dev",
            "source": {
                "type": "git",
                "url": "https://github.com/symfony/finder.git",
                "reference": "6a615613745cef820d807443f32076bb9f5d0a38"
            },
            "dist": {
                "type": "zip",
                "url": "https://api.github.com/repos/symfony/finder/zipball/6a615613745cef820d807443f32076bb9f5d0a38",
                "reference": "6a615613745cef820d807443f32076bb9f5d0a38",
                "shasum": ""
            },
            "require": {
                "php": "^5.5.9|>=7.0.8"
            },
            "type": "library",
            "extra": {
                "branch-alias": {
                    "dev-master": "3.4-dev"
                }
            },
            "autoload": {
                "psr-4": {
                    "Symfony\\Component\\Finder\\": ""
                },
                "exclude-from-classmap": [
                    "/Tests/"
                ]
            },
            "notification-url": "https://packagist.org/downloads/",
            "license": [
                "MIT"
            ],
            "authors": [
                {
                    "name": "Fabien Potencier",
                    "email": "fabien@symfony.com"
                },
                {
                    "name": "Symfony Community",
                    "homepage": "https://symfony.com/contributors"
                }
            ],
            "description": "Symfony Finder Component",
            "homepage": "https://symfony.com",
            "time": "2018-02-11 17:15:12"
        },
        {
            "name": "tijsverkoyen/css-to-inline-styles",
            "version": "1.5.5",
            "source": {
                "type": "git",
                "url": "https://github.com/tijsverkoyen/CssToInlineStyles.git",
                "reference": "9753fc340726e327e4d48b7c0604f85475ae0bc3"
            },
            "dist": {
                "type": "zip",
                "url": "https://api.github.com/repos/tijsverkoyen/CssToInlineStyles/zipball/9753fc340726e327e4d48b7c0604f85475ae0bc3",
                "reference": "9753fc340726e327e4d48b7c0604f85475ae0bc3",
                "shasum": ""
            },
            "require": {
                "php": ">=5.3.0",
                "symfony/css-selector": "~2.1|~3.0"
            },
            "require-dev": {
                "phpunit/phpunit": "~4.0"
            },
            "type": "library",
            "extra": {
                "branch-alias": {
                    "dev-master": "1.5.x-dev"
                }
            },
            "autoload": {
                "psr-4": {
                    "TijsVerkoyen\\CssToInlineStyles\\": "src"
                }
            },
            "notification-url": "https://packagist.org/downloads/",
            "license": [
                "BSD"
            ],
            "authors": [
                {
                    "name": "Tijs Verkoyen",
                    "email": "css_to_inline_styles@verkoyen.eu",
                    "role": "Developer"
                }
            ],
            "description": "CssToInlineStyles is a class that enables you to convert HTML-pages/files into HTML-pages/files with inline styles. This is very useful when you're sending emails.",
            "homepage": "https://github.com/tijsverkoyen/CssToInlineStyles",
            "time": "2015-12-08T16:14:14+00:00"
        }
    ],
    "packages-dev": [],
    "aliases": [],
    "minimum-stability": "dev",
    "stability-flags": [],
    "prefer-stable": false,
    "prefer-lowest": false,
    "platform": [],
    "platform-dev": []
}
