{
    "_readme": [
        "This file locks the dependencies of your project to a known state",
        "Read more about it at https://getcomposer.org/doc/01-basic-usage.md#composer-lock-the-lock-file",
        "This file is @generated automatically"
    ],
    "content-hash": "3d570527386f4974bcd25c35b775d6d0",
    "packages": [
        {
            "name": "google/recaptcha",
            "version": "1.1.3",
            "source": {
                "type": "git",
                "url": "https://github.com/google/recaptcha.git",
                "reference": "5a56d15ca10a7b75158178752b2ad8f755eb4f78"
            },
            "dist": {
                "type": "zip",
                "url": "https://api.github.com/repos/google/recaptcha/zipball/5a56d15ca10a7b75158178752b2ad8f755eb4f78",
                "reference": "5a56d15ca10a7b75158178752b2ad8f755eb4f78",
                "shasum": ""
            },
            "require": {
                "php": ">=5.5"
            },
            "require-dev": {
                "phpunit/phpunit": "^4.8"
            },
            "type": "library",
            "extra": {
                "branch-alias": {
                    "dev-master": "1.1.x-dev"
                }
            },
            "autoload": {
                "psr-4": {
                    "ReCaptcha\\": "src/ReCaptcha"
                }
            },
            "notification-url": "https://packagist.org/downloads/",
            "license": [
                "BSD-3-Clause"
            ],
            "description": "Client library for reCAPTCHA, a free service that protect websites from spam and abuse.",
            "homepage": "http://www.google.com/recaptcha/",
            "keywords": [
                "Abuse",
                "captcha",
                "recaptcha",
                "spam"
            ],
            "time": "2017-03-09T18:44:34+00:00"
        },
        {
            "name": "hametuha/hamepub",
            "version": "1.0.x-dev",
            "source": {
                "type": "git",
                "url": "https://github.com/hametuha/hamepub.git",
                "reference": "f2dbe9ce68d0fc3792c57463d841972a85d68577"
            },
            "dist": {
                "type": "zip",
                "url": "https://api.github.com/repos/hametuha/hamepub/zipball/f2dbe9ce68d0fc3792c57463d841972a85d68577",
                "reference": "f2dbe9ce68d0fc3792c57463d841972a85d68577",
                "shasum": ""
            },
            "require": {
                "masterminds/html5": "2.*",
                "php": ">=5.4"
            },
            "require-dev": {
                "d11wtq/boris": "1.0.8",
                "phpunit/phpunit": "4.4.*"
            },
            "type": "library",
            "autoload": {
                "psr-0": {
                    "Hametuha\\HamePub": "src/"
                }
            },
            "notification-url": "https://packagist.org/downloads/",
            "license": [
                "MIT"
            ],
            "authors": [
                {
                    "name": "Takahashi Fumiki",
                    "email": "takahashi.fumiki@hametuha.co.jp"
                }
            ],
            "description": "PHP Library to handle ePub 3.0",
            "homepage": "https://github.com/hametuha/hamepub",
            "keywords": [
                "epub",
                "wordpress"
            ],
            "time": "2016-07-27 16:30:42"
        },
        {
            "name": "hametuha/wpametu",
            "version": "dev-master",
            "source": {
                "type": "git",
                "url": "https://github.com/hametuha/wpametu.git",
                "reference": "31fb5889aa9473b858d2c0107851528393247f7b"
            },
            "dist": {
                "type": "zip",
                "url": "https://api.github.com/repos/hametuha/wpametu/zipball/31fb5889aa9473b858d2c0107851528393247f7b",
                "reference": "31fb5889aa9473b858d2c0107851528393247f7b",
                "shasum": ""
            },
            "require": {
                "google/recaptcha": "~1.1",
                "masterminds/html5": "~2.1",
                "php": ">=5.5",
                "tijsverkoyen/css-to-inline-styles": "^1.5"
            },
            "require-dev": {
                "phpdocumentor/phpdocumentor": "2.*",
                "phpunit/phpunit": ">=4.6",
                "wp-coding-standards/wpcs": "dev-master"
            },
            "type": "library",
            "autoload": {
                "psr-0": {
                    "WPametu": "src/"
                }
            },
            "notification-url": "https://packagist.org/downloads/",
            "license": [
                "MIT"
            ],
            "authors": [
                {
                    "name": "Hametuha INC.",
                    "email": "info@hametuha.co.jp"
                }
            ],
            "description": "A WordPress Theme FrameWork",
            "time": "2017-04-11 06:22:38"
        },
        {
            "name": "masterminds/html5",
            "version": "2.2.2",
            "source": {
                "type": "git",
                "url": "https://github.com/Masterminds/html5-php.git",
                "reference": "7866e93dcf0245de22378414e0c2c7350abc45af"
            },
            "dist": {
                "type": "zip",
                "url": "https://api.github.com/repos/Masterminds/html5-php/zipball/7866e93dcf0245de22378414e0c2c7350abc45af",
                "reference": "7866e93dcf0245de22378414e0c2c7350abc45af",
                "shasum": ""
            },
            "require": {
                "ext-libxml": "*",
                "php": ">=5.3.0"
            },
            "require-dev": {
                "phpunit/phpunit": "4.*",
                "sami/sami": "~2.0",
                "satooshi/php-coveralls": "1.0.*"
            },
            "type": "library",
            "extra": {
                "branch-alias": {
                    "dev-master": "2.2-dev"
                }
            },
            "autoload": {
                "psr-4": {
                    "Masterminds\\": "src"
                }
            },
            "notification-url": "https://packagist.org/downloads/",
            "license": [
                "MIT"
            ],
            "authors": [
                {
                    "name": "Matt Butcher",
                    "email": "technosophos@gmail.com"
                },
                {
                    "name": "Asmir Mustafic",
                    "email": "goetas@gmail.com"
                },
                {
                    "name": "Matt Farina",
                    "email": "matt@mattfarina.com"
                }
            ],
            "description": "An HTML5 parser and serializer.",
            "homepage": "http://masterminds.github.io/html5-php",
            "keywords": [
                "HTML5",
                "dom",
                "html",
                "parser",
                "querypath",
                "serializer",
                "xml"
            ],
            "time": "2016-09-22T11:01:11+00:00"
        },
        {
            "name": "symfony/css-selector",
            "version": "v3.3.4",
            "source": {
                "type": "git",
                "url": "https://github.com/symfony/css-selector.git",
                "reference": "4d882dced7b995d5274293039370148e291808f2"
            },
            "dist": {
                "type": "zip",
                "url": "https://api.github.com/repos/symfony/css-selector/zipball/4d882dced7b995d5274293039370148e291808f2",
                "reference": "4d882dced7b995d5274293039370148e291808f2",
                "shasum": ""
            },
            "require": {
                "php": ">=5.5.9"
            },
            "type": "library",
            "extra": {
                "branch-alias": {
                    "dev-master": "3.3-dev"
                }
            },
            "autoload": {
                "psr-4": {
                    "Symfony\\Component\\CssSelector\\": ""
                },
                "exclude-from-classmap": [
                    "/Tests/"
                ]
            },
            "notification-url": "https://packagist.org/downloads/",
            "license": [
                "MIT"
            ],
            "authors": [
                {
                    "name": "Jean-François Simon",
                    "email": "jeanfrancois.simon@sensiolabs.com"
                },
                {
                    "name": "Fabien Potencier",
                    "email": "fabien@symfony.com"
                },
                {
                    "name": "Symfony Community",
                    "homepage": "https://symfony.com/contributors"
                }
            ],
            "description": "Symfony CssSelector Component",
            "homepage": "https://symfony.com",
            "time": "2017-05-01T15:01:29+00:00"
        },
        {
            "name": "tijsverkoyen/css-to-inline-styles",
            "version": "1.5.5",
            "source": {
                "type": "git",
                "url": "https://github.com/tijsverkoyen/CssToInlineStyles.git",
                "reference": "9753fc340726e327e4d48b7c0604f85475ae0bc3"
            },
            "dist": {
                "type": "zip",
                "url": "https://api.github.com/repos/tijsverkoyen/CssToInlineStyles/zipball/9753fc340726e327e4d48b7c0604f85475ae0bc3",
                "reference": "9753fc340726e327e4d48b7c0604f85475ae0bc3",
                "shasum": ""
            },
            "require": {
                "php": ">=5.3.0",
                "symfony/css-selector": "~2.1|~3.0"
            },
            "require-dev": {
                "phpunit/phpunit": "~4.0"
            },
            "type": "library",
            "extra": {
                "branch-alias": {
                    "dev-master": "1.5.x-dev"
                }
            },
            "autoload": {
                "psr-4": {
                    "TijsVerkoyen\\CssToInlineStyles\\": "src"
                }
            },
            "notification-url": "https://packagist.org/downloads/",
            "license": [
                "BSD"
            ],
            "authors": [
                {
                    "name": "Tijs Verkoyen",
                    "email": "css_to_inline_styles@verkoyen.eu",
                    "role": "Developer"
                }
            ],
            "description": "CssToInlineStyles is a class that enables you to convert HTML-pages/files into HTML-pages/files with inline styles. This is very useful when you're sending emails.",
            "homepage": "https://github.com/tijsverkoyen/CssToInlineStyles",
            "time": "2015-12-08T16:14:14+00:00"
        }
    ],
    "packages-dev": [],
    "aliases": [],
    "minimum-stability": "stable",
    "stability-flags": {
        "hametuha/wpametu": 20,
        "hametuha/hamepub": 20
    },
    "prefer-stable": false,
    "prefer-lowest": false,
    "platform": [],
    "platform-dev": []
}
